// !$*UTF8*$!
{
	archiveVersion = 1;
	classes = {
	};
	objectVersion = 50;
	objects = {

/* Begin PBXBuildFile section */
		5ECF91E85D57484D0F32E8C4 /* Pods_Health.framework in Frameworks */ = {isa = PBXBuildFile; fileRef = CB82D62049ED83D79241370B /* Pods_Health.framework */; };
		DF0DB358215C978800201425 /* CoreMotion.framework in Frameworks */ = {isa = PBXBuildFile; fileRef = DF0DB355215C978800201425 /* CoreMotion.framework */; };
		DF0DB381215D028400201425 /* FireBaseHelper.swift in Sources */ = {isa = PBXBuildFile; fileRef = DF0DB380215D028400201425 /* FireBaseHelper.swift */; };
		DF0DB383215D1BF700201425 /* SleepViewController.swift in Sources */ = {isa = PBXBuildFile; fileRef = DF0DB382215D1BF700201425 /* SleepViewController.swift */; };
		DF0DB385215DEC7C00201425 /* test.swift in Sources */ = {isa = PBXBuildFile; fileRef = DF0DB384215DEC7C00201425 /* test.swift */; };
		DF0DB387215DF48E00201425 /* Article.swift in Sources */ = {isa = PBXBuildFile; fileRef = DF0DB386215DF48E00201425 /* Article.swift */; };
		DF0DB3A9215E0C3700201425 /* NewsCell.swift in Sources */ = {isa = PBXBuildFile; fileRef = DF0DB3A8215E0C3700201425 /* NewsCell.swift */; };
		DF0DB3AB215E0E4900201425 /* News+TableView.swift in Sources */ = {isa = PBXBuildFile; fileRef = DF0DB3AA215E0E4900201425 /* News+TableView.swift */; };
		DF0DB3AD215E2D3300201425 /* WebViewController.swift in Sources */ = {isa = PBXBuildFile; fileRef = DF0DB3AC215E2D3300201425 /* WebViewController.swift */; };
		DF251986216726C3000E58F7 /* AlertMessages.swift in Sources */ = {isa = PBXBuildFile; fileRef = DF251983216726C2000E58F7 /* AlertMessages.swift */; };
		DF25198C2167937E000E58F7 /* WeeklyActivities+tableView.swift in Sources */ = {isa = PBXBuildFile; fileRef = DF25198B2167937E000E58F7 /* WeeklyActivities+tableView.swift */; };
		DF25198E216794C7000E58F7 /* TasksIdentifierCell.swift in Sources */ = {isa = PBXBuildFile; fileRef = DF25198D216794C7000E58F7 /* TasksIdentifierCell.swift */; };
		DF257BFA21623057002B858E /* UserProfileDetails + tableView.swift in Sources */ = {isa = PBXBuildFile; fileRef = DF257BF921623057002B858E /* UserProfileDetails + tableView.swift */; };
		DF257BFE21623B70002B858E /* ProfileViewCell.swift in Sources */ = {isa = PBXBuildFile; fileRef = DF257BFD21623B70002B858E /* ProfileViewCell.swift */; };
		DF257C0021626475002B858E /* GradientColor.swift in Sources */ = {isa = PBXBuildFile; fileRef = DF257BFF21626475002B858E /* GradientColor.swift */; };
		DF257C022162685A002B858E /* Constants.swift in Sources */ = {isa = PBXBuildFile; fileRef = DF257C012162685A002B858E /* Constants.swift */; };
		DF257C042164D1F6002B858E /* .swiftlint.yml in Resources */ = {isa = PBXBuildFile; fileRef = DF257C032164D1F6002B858E /* .swiftlint.yml */; };
		DF257C0721663679002B858E /* FormValidation.swift in Sources */ = {isa = PBXBuildFile; fileRef = DF257C0621663679002B858E /* FormValidation.swift */; };
		DF257C0D216643C9002B858E /* KeyBoardHandler.swift in Sources */ = {isa = PBXBuildFile; fileRef = DF257C0C216643C9002B858E /* KeyBoardHandler.swift */; };
		DF3477CF216CA6A000D8E3C7 /* NewsArticle+CoreDataProperties.swift in Sources */ = {isa = PBXBuildFile; fileRef = DF3477CC216CA6A000D8E3C7 /* NewsArticle+CoreDataProperties.swift */; };
		DF386ACF215376E90024814C /* AppDelegate.swift in Sources */ = {isa = PBXBuildFile; fileRef = DF386ACE215376E90024814C /* AppDelegate.swift */; };
		DF386AD4215376E90024814C /* Main.storyboard in Resources */ = {isa = PBXBuildFile; fileRef = DF386AD2215376E90024814C /* Main.storyboard */; };
		DF386AD7215376E90024814C /* Health.xcdatamodeld in Sources */ = {isa = PBXBuildFile; fileRef = DF386AD5215376E90024814C /* Health.xcdatamodeld */; };
		DF386AD9215376EA0024814C /* Assets.xcassets in Resources */ = {isa = PBXBuildFile; fileRef = DF386AD8215376EA0024814C /* Assets.xcassets */; };
		DF386ADC215376EA0024814C /* LaunchScreen.storyboard in Resources */ = {isa = PBXBuildFile; fileRef = DF386ADA215376EA0024814C /* LaunchScreen.storyboard */; };
		DF386AEF215377550024814C /* HealthKit.framework in Frameworks */ = {isa = PBXBuildFile; fileRef = DF386AEE215377550024814C /* HealthKit.framework */; };
		DF386AF2215377C30024814C /* GoogleService-Info.plist in Resources */ = {isa = PBXBuildFile; fileRef = DF386AF1215377C30024814C /* GoogleService-Info.plist */; };
		DF386AF721537AAF0024814C /* ConsentDocument.swift in Sources */ = {isa = PBXBuildFile; fileRef = DF386AF621537AAF0024814C /* ConsentDocument.swift */; };
		DF386B0421537C930024814C /* ResearchKit.framework in Frameworks */ = {isa = PBXBuildFile; fileRef = DF386B0121537C720024814C /* ResearchKit.framework */; };
		DF386B0521537C930024814C /* ResearchKit.framework in Embed Frameworks */ = {isa = PBXBuildFile; fileRef = DF386B0121537C720024814C /* ResearchKit.framework */; settings = {ATTRIBUTES = (CodeSignOnCopy, RemoveHeadersOnCopy, ); }; };
		DF386B0F215383020024814C /* ConsentTasks.swift in Sources */ = {isa = PBXBuildFile; fileRef = DF386B0E215383020024814C /* ConsentTasks.swift */; };
		DF386B11215397B00024814C /* SurveyTask.swift in Sources */ = {isa = PBXBuildFile; fileRef = DF386B10215397B00024814C /* SurveyTask.swift */; };
		DF5613342158B9EC009A48CD /* WalkViewController.swift in Sources */ = {isa = PBXBuildFile; fileRef = DF5613332158B9EC009A48CD /* WalkViewController.swift */; };
		DF5613382158DDC4009A48CD /* WalkTask.swift in Sources */ = {isa = PBXBuildFile; fileRef = DF5613372158DDC4009A48CD /* WalkTask.swift */; };
		DF56133A2158F123009A48CD /* TrackWalkViewController.swift in Sources */ = {isa = PBXBuildFile; fileRef = DF5613392158F123009A48CD /* TrackWalkViewController.swift */; };
		DF751D9E216B2D63001E2D9B /* News+CoreData.swift in Sources */ = {isa = PBXBuildFile; fileRef = DF751D9D216B2D63001E2D9B /* News+CoreData.swift */; };
		DF751DA5216B35F7001E2D9B /* NewsArticle+CoreDataClass.swift in Sources */ = {isa = PBXBuildFile; fileRef = DF751DA3216B35F7001E2D9B /* NewsArticle+CoreDataClass.swift */; };
		DF869DBC215A324A006C10E5 /* Time.swift in Sources */ = {isa = PBXBuildFile; fileRef = DF869DBB215A324A006C10E5 /* Time.swift */; };
		DF869DC0215A3847006C10E5 /* ActivityListViewController.swift in Sources */ = {isa = PBXBuildFile; fileRef = DF869DBF215A3847006C10E5 /* ActivityListViewController.swift */; };
		DF869DC5215A3AB2006C10E5 /* ActivityTableCell.swift in Sources */ = {isa = PBXBuildFile; fileRef = DF869DC4215A3AB2006C10E5 /* ActivityTableCell.swift */; };
		DF869DC7215A3CC1006C10E5 /* WalkSleep.swift in Sources */ = {isa = PBXBuildFile; fileRef = DF869DC6215A3CC1006C10E5 /* WalkSleep.swift */; };
		DF869DC9215A5660006C10E5 /* ActivityListViewController+TableView.swift in Sources */ = {isa = PBXBuildFile; fileRef = DF869DC8215A5660006C10E5 /* ActivityListViewController+TableView.swift */; };
		DF869DCC215A7E4A006C10E5 /* HealthKitSetupAssistant.swift in Sources */ = {isa = PBXBuildFile; fileRef = DF869DCB215A7E49006C10E5 /* HealthKitSetupAssistant.swift */; };
		DF869DCE215A7EBB006C10E5 /* MasterViewController.swift in Sources */ = {isa = PBXBuildFile; fileRef = DF869DCD215A7EBB006C10E5 /* MasterViewController.swift */; };
		DF869DD0215B572B006C10E5 /* ProfileDataSource.swift in Sources */ = {isa = PBXBuildFile; fileRef = DF869DCF215B572B006C10E5 /* ProfileDataSource.swift */; };
		DF869DD2215B577F006C10E5 /* UserHealthProfile.swift in Sources */ = {isa = PBXBuildFile; fileRef = DF869DD1215B577F006C10E5 /* UserHealthProfile.swift */; };
		DF869DD9215B6ABC006C10E5 /* UserProfileViewController.swift in Sources */ = {isa = PBXBuildFile; fileRef = DF869DD8215B6ABC006C10E5 /* UserProfileViewController.swift */; };
		DF869DDD215B6ECE006C10E5 /* HKBloodTypeExtension.swift in Sources */ = {isa = PBXBuildFile; fileRef = DF869DDC215B6ECE006C10E5 /* HKBloodTypeExtension.swift */; };
		DF869DDF215B6F64006C10E5 /* HKGenderExtension.swift in Sources */ = {isa = PBXBuildFile; fileRef = DF869DDE215B6F64006C10E5 /* HKGenderExtension.swift */; };
		DF869DE7215BB257006C10E5 /* InitialScreen+Notification.swift in Sources */ = {isa = PBXBuildFile; fileRef = DF869DE6215BB257006C10E5 /* InitialScreen+Notification.swift */; };
		DF869DE9215BD250006C10E5 /* QuestionTask.swift in Sources */ = {isa = PBXBuildFile; fileRef = DF869DE8215BD250006C10E5 /* QuestionTask.swift */; };
		DF8717AA216C75270067E959 /* HomeScreenCVCell.swift in Sources */ = {isa = PBXBuildFile; fileRef = DF8717A7216C75270067E959 /* HomeScreenCVCell.swift */; };
		DF88E6242154B9590086AFBE /* LoginViewController.swift in Sources */ = {isa = PBXBuildFile; fileRef = DF88E6232154B9590086AFBE /* LoginViewController.swift */; };
		DF88E6262154E3A20086AFBE /* FirstAppScreenViewController.swift in Sources */ = {isa = PBXBuildFile; fileRef = DF88E6252154E3A20086AFBE /* FirstAppScreenViewController.swift */; };
		DF88E6282154E54B0086AFBE /* InitialScreen.jpg in Resources */ = {isa = PBXBuildFile; fileRef = DF88E6272154E54B0086AFBE /* InitialScreen.jpg */; };
		DF88E62A2154EA860086AFBE /* SignUpViewController.swift in Sources */ = {isa = PBXBuildFile; fileRef = DF88E6292154EA860086AFBE /* SignUpViewController.swift */; };
		DF88E62C2154F5B50086AFBE /* WeeklyActivitiesViewController.swift in Sources */ = {isa = PBXBuildFile; fileRef = DF88E62B2154F5B50086AFBE /* WeeklyActivitiesViewController.swift */; };
		DF88E65721551CB50086AFBE /* MyWeekViewController.swift in Sources */ = {isa = PBXBuildFile; fileRef = DF88E65621551CB50086AFBE /* MyWeekViewController.swift */; };
/* End PBXBuildFile section */

/* Begin PBXContainerItemProxy section */
		DF386B0021537C720024814C /* PBXContainerItemProxy */ = {
			isa = PBXContainerItemProxy;
			containerPortal = DF386AFA21537C710024814C /* ResearchKit.xcodeproj */;
			proxyType = 2;
			remoteGlobalIDString = B183A5951A8535D100C76870;
			remoteInfo = ResearchKit;
		};
		DF386B0221537C720024814C /* PBXContainerItemProxy */ = {
			isa = PBXContainerItemProxy;
			containerPortal = DF386AFA21537C710024814C /* ResearchKit.xcodeproj */;
			proxyType = 2;
			remoteGlobalIDString = 86CC8E9A1AC09332001CCD89;
			remoteInfo = ResearchKitTests;
		};
		DF386B0621537C930024814C /* PBXContainerItemProxy */ = {
			isa = PBXContainerItemProxy;
			containerPortal = DF386AFA21537C710024814C /* ResearchKit.xcodeproj */;
			proxyType = 1;
			remoteGlobalIDString = B183A4731A8535D100C76870;
			remoteInfo = ResearchKit;
		};
/* End PBXContainerItemProxy section */

/* Begin PBXCopyFilesBuildPhase section */
		DF386B0821537C940024814C /* Embed Frameworks */ = {
			isa = PBXCopyFilesBuildPhase;
			buildActionMask = 2147483647;
			dstPath = "";
			dstSubfolderSpec = 10;
			files = (
				DF386B0521537C930024814C /* ResearchKit.framework in Embed Frameworks */,
			);
			name = "Embed Frameworks";
			runOnlyForDeploymentPostprocessing = 0;
		};
/* End PBXCopyFilesBuildPhase section */

/* Begin PBXFileReference section */
		CB82D62049ED83D79241370B /* Pods_Health.framework */ = {isa = PBXFileReference; explicitFileType = wrapper.framework; includeInIndex = 0; path = Pods_Health.framework; sourceTree = BUILT_PRODUCTS_DIR; };
		DF0DB355215C978800201425 /* CoreMotion.framework */ = {isa = PBXFileReference; lastKnownFileType = wrapper.framework; name = CoreMotion.framework; path = System/Library/Frameworks/CoreMotion.framework; sourceTree = SDKROOT; };
		DF0DB380215D028400201425 /* FireBaseHelper.swift */ = {isa = PBXFileReference; lastKnownFileType = sourcecode.swift; path = FireBaseHelper.swift; sourceTree = "<group>"; };
		DF0DB382215D1BF700201425 /* SleepViewController.swift */ = {isa = PBXFileReference; lastKnownFileType = sourcecode.swift; path = SleepViewController.swift; sourceTree = "<group>"; };
		DF0DB384215DEC7C00201425 /* test.swift */ = {isa = PBXFileReference; lastKnownFileType = sourcecode.swift; path = test.swift; sourceTree = "<group>"; };
		DF0DB386215DF48E00201425 /* Article.swift */ = {isa = PBXFileReference; lastKnownFileType = sourcecode.swift; path = Article.swift; sourceTree = "<group>"; };
		DF0DB3A8215E0C3700201425 /* NewsCell.swift */ = {isa = PBXFileReference; lastKnownFileType = sourcecode.swift; path = NewsCell.swift; sourceTree = "<group>"; };
		DF0DB3AA215E0E4900201425 /* News+TableView.swift */ = {isa = PBXFileReference; lastKnownFileType = sourcecode.swift; path = "News+TableView.swift"; sourceTree = "<group>"; };
		DF0DB3AC215E2D3300201425 /* WebViewController.swift */ = {isa = PBXFileReference; lastKnownFileType = sourcecode.swift; path = WebViewController.swift; sourceTree = "<group>"; };
		DF251983216726C2000E58F7 /* AlertMessages.swift */ = {isa = PBXFileReference; lastKnownFileType = sourcecode.swift; path = AlertMessages.swift; sourceTree = "<group>"; };
		DF25198B2167937E000E58F7 /* WeeklyActivities+tableView.swift */ = {isa = PBXFileReference; lastKnownFileType = sourcecode.swift; path = "WeeklyActivities+tableView.swift"; sourceTree = "<group>"; };
		DF25198D216794C7000E58F7 /* TasksIdentifierCell.swift */ = {isa = PBXFileReference; lastKnownFileType = sourcecode.swift; path = TasksIdentifierCell.swift; sourceTree = "<group>"; };
		DF257BF921623057002B858E /* UserProfileDetails + tableView.swift */ = {isa = PBXFileReference; lastKnownFileType = sourcecode.swift; path = "UserProfileDetails + tableView.swift"; sourceTree = "<group>"; };
		DF257BFD21623B70002B858E /* ProfileViewCell.swift */ = {isa = PBXFileReference; lastKnownFileType = sourcecode.swift; path = ProfileViewCell.swift; sourceTree = "<group>"; };
		DF257BFF21626475002B858E /* GradientColor.swift */ = {isa = PBXFileReference; lastKnownFileType = sourcecode.swift; path = GradientColor.swift; sourceTree = "<group>"; };
		DF257C012162685A002B858E /* Constants.swift */ = {isa = PBXFileReference; lastKnownFileType = sourcecode.swift; path = Constants.swift; sourceTree = "<group>"; };
		DF257C032164D1F6002B858E /* .swiftlint.yml */ = {isa = PBXFileReference; lastKnownFileType = text; path = .swiftlint.yml; sourceTree = "<group>"; };
		DF257C0621663679002B858E /* FormValidation.swift */ = {isa = PBXFileReference; lastKnownFileType = sourcecode.swift; path = FormValidation.swift; sourceTree = "<group>"; };
		DF257C0C216643C9002B858E /* KeyBoardHandler.swift */ = {isa = PBXFileReference; lastKnownFileType = sourcecode.swift; path = KeyBoardHandler.swift; sourceTree = "<group>"; };
		DF3477CC216CA6A000D8E3C7 /* NewsArticle+CoreDataProperties.swift */ = {isa = PBXFileReference; lastKnownFileType = sourcecode.swift; name = "NewsArticle+CoreDataProperties.swift"; path = "/Users/vus/Desktop/Assignment/Health/Health/Core Data Files/NewsArticle+CoreDataProperties.swift"; sourceTree = "<absolute>"; };
		DF386ACB215376E90024814C /* Health.app */ = {isa = PBXFileReference; explicitFileType = wrapper.application; includeInIndex = 0; path = Health.app; sourceTree = BUILT_PRODUCTS_DIR; };
		DF386ACE215376E90024814C /* AppDelegate.swift */ = {isa = PBXFileReference; lastKnownFileType = sourcecode.swift; path = AppDelegate.swift; sourceTree = "<group>"; };
		DF386AD3215376E90024814C /* Base */ = {isa = PBXFileReference; lastKnownFileType = file.storyboard; name = Base; path = Base.lproj/Main.storyboard; sourceTree = "<group>"; };
		DF386AD6215376E90024814C /* Health.xcdatamodel */ = {isa = PBXFileReference; lastKnownFileType = wrapper.xcdatamodel; path = Health.xcdatamodel; sourceTree = "<group>"; };
		DF386AD8215376EA0024814C /* Assets.xcassets */ = {isa = PBXFileReference; lastKnownFileType = folder.assetcatalog; path = Assets.xcassets; sourceTree = "<group>"; };
		DF386ADB215376EA0024814C /* Base */ = {isa = PBXFileReference; lastKnownFileType = file.storyboard; name = Base; path = Base.lproj/LaunchScreen.storyboard; sourceTree = "<group>"; };
		DF386ADD215376EA0024814C /* Info.plist */ = {isa = PBXFileReference; lastKnownFileType = text.plist.xml; path = Info.plist; sourceTree = "<group>"; };
		DF386AE3215377430024814C /* docs */ = {isa = PBXFileReference; lastKnownFileType = folder; name = docs; path = ../../../Downloads/karenina/ResearchKit/docs; sourceTree = "<group>"; };
		DF386AEE215377550024814C /* HealthKit.framework */ = {isa = PBXFileReference; lastKnownFileType = wrapper.framework; name = HealthKit.framework; path = System/Library/Frameworks/HealthKit.framework; sourceTree = SDKROOT; };
		DF386AF0215377550024814C /* Health.entitlements */ = {isa = PBXFileReference; lastKnownFileType = text.plist.entitlements; path = Health.entitlements; sourceTree = "<group>"; };
		DF386AF1215377C30024814C /* GoogleService-Info.plist */ = {isa = PBXFileReference; fileEncoding = 4; lastKnownFileType = text.plist.xml; path = "GoogleService-Info.plist"; sourceTree = "<group>"; };
		DF386AF621537AAF0024814C /* ConsentDocument.swift */ = {isa = PBXFileReference; lastKnownFileType = sourcecode.swift; path = ConsentDocument.swift; sourceTree = "<group>"; };
		DF386AFA21537C710024814C /* ResearchKit.xcodeproj */ = {isa = PBXFileReference; lastKnownFileType = "wrapper.pb-project"; name = ResearchKit.xcodeproj; path = "../../ResearchKit-master/ResearchKit.xcodeproj"; sourceTree = "<group>"; };
		DF386B0B21537D280024814C /* HealthKit.framework */ = {isa = PBXFileReference; lastKnownFileType = wrapper.framework; name = HealthKit.framework; path = Platforms/iPhoneOS.platform/Developer/SDKs/iPhoneOS.sdk/System/Library/Frameworks/HealthKit.framework; sourceTree = DEVELOPER_DIR; };
		DF386B0E215383020024814C /* ConsentTasks.swift */ = {isa = PBXFileReference; lastKnownFileType = sourcecode.swift; path = ConsentTasks.swift; sourceTree = "<group>"; };
		DF386B10215397B00024814C /* SurveyTask.swift */ = {isa = PBXFileReference; lastKnownFileType = sourcecode.swift; path = SurveyTask.swift; sourceTree = "<group>"; };
		DF5613332158B9EC009A48CD /* WalkViewController.swift */ = {isa = PBXFileReference; lastKnownFileType = sourcecode.swift; path = WalkViewController.swift; sourceTree = "<group>"; };
		DF5613372158DDC4009A48CD /* WalkTask.swift */ = {isa = PBXFileReference; lastKnownFileType = sourcecode.swift; path = WalkTask.swift; sourceTree = "<group>"; };
		DF5613392158F123009A48CD /* TrackWalkViewController.swift */ = {isa = PBXFileReference; lastKnownFileType = sourcecode.swift; path = TrackWalkViewController.swift; sourceTree = "<group>"; };
		DF751D9D216B2D63001E2D9B /* News+CoreData.swift */ = {isa = PBXFileReference; lastKnownFileType = sourcecode.swift; path = "News+CoreData.swift"; sourceTree = "<group>"; };
		DF751DA3216B35F7001E2D9B /* NewsArticle+CoreDataClass.swift */ = {isa = PBXFileReference; fileEncoding = 4; lastKnownFileType = sourcecode.swift; path = "NewsArticle+CoreDataClass.swift"; sourceTree = "<group>"; };
		DF869DBB215A324A006C10E5 /* Time.swift */ = {isa = PBXFileReference; lastKnownFileType = sourcecode.swift; path = Time.swift; sourceTree = "<group>"; };
		DF869DBF215A3847006C10E5 /* ActivityListViewController.swift */ = {isa = PBXFileReference; lastKnownFileType = sourcecode.swift; path = ActivityListViewController.swift; sourceTree = "<group>"; };
		DF869DC4215A3AB2006C10E5 /* ActivityTableCell.swift */ = {isa = PBXFileReference; lastKnownFileType = sourcecode.swift; path = ActivityTableCell.swift; sourceTree = "<group>"; };
		DF869DC6215A3CC1006C10E5 /* WalkSleep.swift */ = {isa = PBXFileReference; lastKnownFileType = sourcecode.swift; path = WalkSleep.swift; sourceTree = "<group>"; };
		DF869DC8215A5660006C10E5 /* ActivityListViewController+TableView.swift */ = {isa = PBXFileReference; lastKnownFileType = sourcecode.swift; path = "ActivityListViewController+TableView.swift"; sourceTree = "<group>"; };
		DF869DCB215A7E49006C10E5 /* HealthKitSetupAssistant.swift */ = {isa = PBXFileReference; fileEncoding = 4; lastKnownFileType = sourcecode.swift; path = HealthKitSetupAssistant.swift; sourceTree = "<group>"; };
		DF869DCD215A7EBB006C10E5 /* MasterViewController.swift */ = {isa = PBXFileReference; fileEncoding = 4; lastKnownFileType = sourcecode.swift; path = MasterViewController.swift; sourceTree = "<group>"; };
		DF869DCF215B572B006C10E5 /* ProfileDataSource.swift */ = {isa = PBXFileReference; lastKnownFileType = sourcecode.swift; path = ProfileDataSource.swift; sourceTree = "<group>"; };
		DF869DD1215B577F006C10E5 /* UserHealthProfile.swift */ = {isa = PBXFileReference; lastKnownFileType = sourcecode.swift; path = UserHealthProfile.swift; sourceTree = "<group>"; };
		DF869DD8215B6ABC006C10E5 /* UserProfileViewController.swift */ = {isa = PBXFileReference; lastKnownFileType = sourcecode.swift; path = UserProfileViewController.swift; sourceTree = "<group>"; };
		DF869DDC215B6ECE006C10E5 /* HKBloodTypeExtension.swift */ = {isa = PBXFileReference; lastKnownFileType = sourcecode.swift; path = HKBloodTypeExtension.swift; sourceTree = "<group>"; };
		DF869DDE215B6F64006C10E5 /* HKGenderExtension.swift */ = {isa = PBXFileReference; lastKnownFileType = sourcecode.swift; path = HKGenderExtension.swift; sourceTree = "<group>"; };
		DF869DE6215BB257006C10E5 /* InitialScreen+Notification.swift */ = {isa = PBXFileReference; lastKnownFileType = sourcecode.swift; path = "InitialScreen+Notification.swift"; sourceTree = "<group>"; };
		DF869DE8215BD250006C10E5 /* QuestionTask.swift */ = {isa = PBXFileReference; lastKnownFileType = sourcecode.swift; path = QuestionTask.swift; sourceTree = "<group>"; };
		DF8717A7216C75270067E959 /* HomeScreenCVCell.swift */ = {isa = PBXFileReference; lastKnownFileType = sourcecode.swift; path = HomeScreenCVCell.swift; sourceTree = "<group>"; };
		DF88E6232154B9590086AFBE /* LoginViewController.swift */ = {isa = PBXFileReference; lastKnownFileType = sourcecode.swift; path = LoginViewController.swift; sourceTree = "<group>"; };
		DF88E6252154E3A20086AFBE /* FirstAppScreenViewController.swift */ = {isa = PBXFileReference; lastKnownFileType = sourcecode.swift; path = FirstAppScreenViewController.swift; sourceTree = "<group>"; };
		DF88E6272154E54B0086AFBE /* InitialScreen.jpg */ = {isa = PBXFileReference; lastKnownFileType = image.jpeg; path = InitialScreen.jpg; sourceTree = "<group>"; };
		DF88E6292154EA860086AFBE /* SignUpViewController.swift */ = {isa = PBXFileReference; lastKnownFileType = sourcecode.swift; path = SignUpViewController.swift; sourceTree = "<group>"; };
		DF88E62B2154F5B50086AFBE /* WeeklyActivitiesViewController.swift */ = {isa = PBXFileReference; lastKnownFileType = sourcecode.swift; path = WeeklyActivitiesViewController.swift; sourceTree = "<group>"; };
		DF88E65621551CB50086AFBE /* MyWeekViewController.swift */ = {isa = PBXFileReference; lastKnownFileType = sourcecode.swift; path = MyWeekViewController.swift; sourceTree = "<group>"; };
		F78ACFE850EBB7E40B3D4CBF /* Pods-Health.release.xcconfig */ = {isa = PBXFileReference; includeInIndex = 1; lastKnownFileType = text.xcconfig; name = "Pods-Health.release.xcconfig"; path = "Pods/Target Support Files/Pods-Health/Pods-Health.release.xcconfig"; sourceTree = "<group>"; };
		FA187B9C098E4097B0D2CCB6 /* Pods-Health.debug.xcconfig */ = {isa = PBXFileReference; includeInIndex = 1; lastKnownFileType = text.xcconfig; name = "Pods-Health.debug.xcconfig"; path = "Pods/Target Support Files/Pods-Health/Pods-Health.debug.xcconfig"; sourceTree = "<group>"; };
/* End PBXFileReference section */

/* Begin PBXFrameworksBuildPhase section */
		DF386AC8215376E90024814C /* Frameworks */ = {
			isa = PBXFrameworksBuildPhase;
			buildActionMask = 2147483647;
			files = (
				DF0DB358215C978800201425 /* CoreMotion.framework in Frameworks */,
				DF386AEF215377550024814C /* HealthKit.framework in Frameworks */,
				5ECF91E85D57484D0F32E8C4 /* Pods_Health.framework in Frameworks */,
				DF386B0421537C930024814C /* ResearchKit.framework in Frameworks */,
			);
			runOnlyForDeploymentPostprocessing = 0;
		};
/* End PBXFrameworksBuildPhase section */

/* Begin PBXGroup section */
		1ED5FC853BDC14379642398C /* Pods */ = {
			isa = PBXGroup;
			children = (
				FA187B9C098E4097B0D2CCB6 /* Pods-Health.debug.xcconfig */,
				F78ACFE850EBB7E40B3D4CBF /* Pods-Health.release.xcconfig */,
			);
			name = Pods;
			sourceTree = "<group>";
		};
		DF0DB37F215D01F600201425 /* Helper */ = {
			isa = PBXGroup;
			children = (
				DF257C0621663679002B858E /* FormValidation.swift */,
				DF257C0C216643C9002B858E /* KeyBoardHandler.swift */,
				DF251983216726C2000E58F7 /* AlertMessages.swift */,
				DF869DBB215A324A006C10E5 /* Time.swift */,
				DF257C012162685A002B858E /* Constants.swift */,
				DF257BFF21626475002B858E /* GradientColor.swift */,
				DF0DB380215D028400201425 /* FireBaseHelper.swift */,
			);
			path = Helper;
			sourceTree = "<group>";
		};
		DF386AC2215376E90024814C = {
			isa = PBXGroup;
			children = (
				DF257C032164D1F6002B858E /* .swiftlint.yml */,
				DF386B0B21537D280024814C /* HealthKit.framework */,
				DF386AFA21537C710024814C /* ResearchKit.xcodeproj */,
				DF386ACE215376E90024814C /* AppDelegate.swift */,
				DF386AE3215377430024814C /* docs */,
				DF386ACD215376E90024814C /* Health */,
				DF386ACC215376E90024814C /* Products */,
				DF386AED215377550024814C /* Frameworks */,
				1ED5FC853BDC14379642398C /* Pods */,
			);
			sourceTree = "<group>";
		};
		DF386ACC215376E90024814C /* Products */ = {
			isa = PBXGroup;
			children = (
				DF386ACB215376E90024814C /* Health.app */,
			);
			name = Products;
			sourceTree = "<group>";
		};
		DF386ACD215376E90024814C /* Health */ = {
			isa = PBXGroup;
			children = (
				DF751D96216B2ADB001E2D9B /* Core Data Files */,
				DF386AF0215377550024814C /* Health.entitlements */,
				DF869DCA215A7CBA006C10E5 /* HealthKit */,
				DF869DC3215A3A30006C10E5 /* View */,
				DF88E61D2154B2EE0086AFBE /* Model */,
				DF88E6222154B9370086AFBE /* Controllers */,
				DF0DB37F215D01F600201425 /* Helper */,
				DF386AD8215376EA0024814C /* Assets.xcassets */,
				DF386AD2215376E90024814C /* Main.storyboard */,
				DF88E6272154E54B0086AFBE /* InitialScreen.jpg */,
				DF386ADA215376EA0024814C /* LaunchScreen.storyboard */,
				DF386ADD215376EA0024814C /* Info.plist */,
				DF386AF1215377C30024814C /* GoogleService-Info.plist */,
				DF386AD5215376E90024814C /* Health.xcdatamodeld */,
			);
			path = Health;
			sourceTree = "<group>";
		};
		DF386AED215377550024814C /* Frameworks */ = {
			isa = PBXGroup;
			children = (
				DF0DB355215C978800201425 /* CoreMotion.framework */,
				DF386AEE215377550024814C /* HealthKit.framework */,
				CB82D62049ED83D79241370B /* Pods_Health.framework */,
			);
			name = Frameworks;
			sourceTree = "<group>";
		};
		DF386AFB21537C710024814C /* Products */ = {
			isa = PBXGroup;
			children = (
				DF386B0121537C720024814C /* ResearchKit.framework */,
				DF386B0321537C720024814C /* ResearchKitTests.xctest */,
			);
			name = Products;
			sourceTree = "<group>";
		};
		DF751D96216B2ADB001E2D9B /* Core Data Files */ = {
			isa = PBXGroup;
			children = (
				DF3477CC216CA6A000D8E3C7 /* NewsArticle+CoreDataProperties.swift */,
				DF751DA3216B35F7001E2D9B /* NewsArticle+CoreDataClass.swift */,
			);
			path = "Core Data Files";
			sourceTree = "<group>";
		};
		DF869DC3215A3A30006C10E5 /* View */ = {
			isa = PBXGroup;
			children = (
				DF869DC4215A3AB2006C10E5 /* ActivityTableCell.swift */,
				DF257BFD21623B70002B858E /* ProfileViewCell.swift */,
				DF8717A7216C75270067E959 /* HomeScreenCVCell.swift */,
				DF0DB3A8215E0C3700201425 /* NewsCell.swift */,
				DF25198D216794C7000E58F7 /* TasksIdentifierCell.swift */,
			);
			path = View;
			sourceTree = "<group>";
		};
		DF869DCA215A7CBA006C10E5 /* HealthKit */ = {
			isa = PBXGroup;
			children = (
				DF869DCB215A7E49006C10E5 /* HealthKitSetupAssistant.swift */,
				DF869DCD215A7EBB006C10E5 /* MasterViewController.swift */,
				DF869DCF215B572B006C10E5 /* ProfileDataSource.swift */,
				DF869DD1215B577F006C10E5 /* UserHealthProfile.swift */,
				DF869DD8215B6ABC006C10E5 /* UserProfileViewController.swift */,
				DF257BF921623057002B858E /* UserProfileDetails + tableView.swift */,
				DF869DDE215B6F64006C10E5 /* HKGenderExtension.swift */,
				DF869DDC215B6ECE006C10E5 /* HKBloodTypeExtension.swift */,
			);
			path = HealthKit;
			sourceTree = "<group>";
		};
		DF88E61D2154B2EE0086AFBE /* Model */ = {
			isa = PBXGroup;
			children = (
				DF869DC6215A3CC1006C10E5 /* WalkSleep.swift */,
				DF386B0E215383020024814C /* ConsentTasks.swift */,
				DF386AF621537AAF0024814C /* ConsentDocument.swift */,
				DF386B10215397B00024814C /* SurveyTask.swift */,
				DF5613372158DDC4009A48CD /* WalkTask.swift */,
				DF869DE8215BD250006C10E5 /* QuestionTask.swift */,
				DF0DB386215DF48E00201425 /* Article.swift */,
			);
			path = Model;
			sourceTree = "<group>";
		};
		DF88E6222154B9370086AFBE /* Controllers */ = {
			isa = PBXGroup;
			children = (
				DF88E6232154B9590086AFBE /* LoginViewController.swift */,
				DF88E62B2154F5B50086AFBE /* WeeklyActivitiesViewController.swift */,
				DF88E6252154E3A20086AFBE /* FirstAppScreenViewController.swift */,
				DF88E6292154EA860086AFBE /* SignUpViewController.swift */,
				DF5613392158F123009A48CD /* TrackWalkViewController.swift */,
				DF5613332158B9EC009A48CD /* WalkViewController.swift */,
				DF869DBF215A3847006C10E5 /* ActivityListViewController.swift */,
				DF869DC8215A5660006C10E5 /* ActivityListViewController+TableView.swift */,
				DF0DB384215DEC7C00201425 /* test.swift */,
				DF869DE6215BB257006C10E5 /* InitialScreen+Notification.swift */,
				DF0DB382215D1BF700201425 /* SleepViewController.swift */,
				DF25198B2167937E000E58F7 /* WeeklyActivities+tableView.swift */,
				DF0DB3AA215E0E4900201425 /* News+TableView.swift */,
				DF0DB3AC215E2D3300201425 /* WebViewController.swift */,
				DF88E65621551CB50086AFBE /* MyWeekViewController.swift */,
				DF751D9D216B2D63001E2D9B /* News+CoreData.swift */,
			);
			path = Controllers;
			sourceTree = "<group>";
		};
/* End PBXGroup section */

/* Begin PBXNativeTarget section */
		DF386ACA215376E90024814C /* Health */ = {
			isa = PBXNativeTarget;
			buildConfigurationList = DF386AE0215376EA0024814C /* Build configuration list for PBXNativeTarget "Health" */;
			buildPhases = (
				D20F6C0656C28D5421EDA118 /* [CP] Check Pods Manifest.lock */,
				DF386AC7215376E90024814C /* Sources */,
				DF386AC8215376E90024814C /* Frameworks */,
				DF386AC9215376E90024814C /* Resources */,
				72075DCA76E03FC5826CAB75 /* [CP] Embed Pods Frameworks */,
				DF386B0821537C940024814C /* Embed Frameworks */,
				DF869DD3215B5D41006C10E5 /* ShellScript */,
			);
			buildRules = (
			);
			dependencies = (
				DF386B0721537C930024814C /* PBXTargetDependency */,
			);
			name = Health;
			productName = Health;
			productReference = DF386ACB215376E90024814C /* Health.app */;
			productType = "com.apple.product-type.application";
		};
/* End PBXNativeTarget section */

/* Begin PBXProject section */
		DF386AC3215376E90024814C /* Project object */ = {
			isa = PBXProject;
			attributes = {
				LastSwiftUpdateCheck = 1000;
				LastUpgradeCheck = 1000;
				ORGANIZATIONNAME = Vikhyath;
				TargetAttributes = {
					DF386ACA215376E90024814C = {
						CreatedOnToolsVersion = 10.0;
						SystemCapabilities = {
							com.apple.HealthKit = {
								enabled = 1;
							};
						};
					};
				};
			};
			buildConfigurationList = DF386AC6215376E90024814C /* Build configuration list for PBXProject "Health" */;
			compatibilityVersion = "Xcode 9.3";
			developmentRegion = en;
			hasScannedForEncodings = 0;
			knownRegions = (
				en,
				Base,
			);
			mainGroup = DF386AC2215376E90024814C;
			productRefGroup = DF386ACC215376E90024814C /* Products */;
			projectDirPath = "";
			projectReferences = (
				{
					ProductGroup = DF386AFB21537C710024814C /* Products */;
					ProjectRef = DF386AFA21537C710024814C /* ResearchKit.xcodeproj */;
				},
			);
			projectRoot = "";
			targets = (
				DF386ACA215376E90024814C /* Health */,
			);
		};
/* End PBXProject section */

/* Begin PBXReferenceProxy section */
		DF386B0121537C720024814C /* ResearchKit.framework */ = {
			isa = PBXReferenceProxy;
			fileType = wrapper.framework;
			path = ResearchKit.framework;
			remoteRef = DF386B0021537C720024814C /* PBXContainerItemProxy */;
			sourceTree = BUILT_PRODUCTS_DIR;
		};
		DF386B0321537C720024814C /* ResearchKitTests.xctest */ = {
			isa = PBXReferenceProxy;
			fileType = wrapper.cfbundle;
			path = ResearchKitTests.xctest;
			remoteRef = DF386B0221537C720024814C /* PBXContainerItemProxy */;
			sourceTree = BUILT_PRODUCTS_DIR;
		};
/* End PBXReferenceProxy section */

/* Begin PBXResourcesBuildPhase section */
		DF386AC9215376E90024814C /* Resources */ = {
			isa = PBXResourcesBuildPhase;
			buildActionMask = 2147483647;
			files = (
				DF257C042164D1F6002B858E /* .swiftlint.yml in Resources */,
				DF386ADC215376EA0024814C /* LaunchScreen.storyboard in Resources */,
				DF88E6282154E54B0086AFBE /* InitialScreen.jpg in Resources */,
				DF386AD9215376EA0024814C /* Assets.xcassets in Resources */,
				DF386AF2215377C30024814C /* GoogleService-Info.plist in Resources */,
				DF386AD4215376E90024814C /* Main.storyboard in Resources */,
			);
			runOnlyForDeploymentPostprocessing = 0;
		};
/* End PBXResourcesBuildPhase section */

/* Begin PBXShellScriptBuildPhase section */
		72075DCA76E03FC5826CAB75 /* [CP] Embed Pods Frameworks */ = {
			isa = PBXShellScriptBuildPhase;
			buildActionMask = 2147483647;
			files = (
			);
			inputFileListPaths = (
			);
			inputPaths = (
				"${SRCROOT}/Pods/Target Support Files/Pods-Health/Pods-Health-frameworks.sh",
				"${BUILT_PRODUCTS_DIR}/GTMSessionFetcher/GTMSessionFetcher.framework",
				"${BUILT_PRODUCTS_DIR}/GoogleUtilities/GoogleUtilities.framework",
				"${BUILT_PRODUCTS_DIR}/leveldb-library/leveldb.framework",
				"${BUILT_PRODUCTS_DIR}/nanopb/nanopb.framework",
			);
			name = "[CP] Embed Pods Frameworks";
			outputFileListPaths = (
			);
			outputPaths = (
				"${TARGET_BUILD_DIR}/${FRAMEWORKS_FOLDER_PATH}/GTMSessionFetcher.framework",
				"${TARGET_BUILD_DIR}/${FRAMEWORKS_FOLDER_PATH}/GoogleUtilities.framework",
				"${TARGET_BUILD_DIR}/${FRAMEWORKS_FOLDER_PATH}/leveldb.framework",
				"${TARGET_BUILD_DIR}/${FRAMEWORKS_FOLDER_PATH}/nanopb.framework",
			);
			runOnlyForDeploymentPostprocessing = 0;
			shellPath = /bin/sh;
			shellScript = "\"${SRCROOT}/Pods/Target Support Files/Pods-Health/Pods-Health-frameworks.sh\"\n";
			showEnvVarsInLog = 0;
		};
		D20F6C0656C28D5421EDA118 /* [CP] Check Pods Manifest.lock */ = {
			isa = PBXShellScriptBuildPhase;
			buildActionMask = 2147483647;
			files = (
			);
			inputFileListPaths = (
			);
			inputPaths = (
				"${PODS_PODFILE_DIR_PATH}/Podfile.lock",
				"${PODS_ROOT}/Manifest.lock",
			);
			name = "[CP] Check Pods Manifest.lock";
			outputFileListPaths = (
			);
			outputPaths = (
				"$(DERIVED_FILE_DIR)/Pods-Health-checkManifestLockResult.txt",
			);
			runOnlyForDeploymentPostprocessing = 0;
			shellPath = /bin/sh;
			shellScript = "diff \"${PODS_PODFILE_DIR_PATH}/Podfile.lock\" \"${PODS_ROOT}/Manifest.lock\" > /dev/null\nif [ $? != 0 ] ; then\n    # print error to STDERR\n    echo \"error: The sandbox is not in sync with the Podfile.lock. Run 'pod install' or update your CocoaPods installation.\" >&2\n    exit 1\nfi\n# This output is used by Xcode 'outputs' to avoid re-running this script phase.\necho \"SUCCESS\" > \"${SCRIPT_OUTPUT_FILE_0}\"\n";
			showEnvVarsInLog = 0;
		};
		DF869DD3215B5D41006C10E5 /* ShellScript */ = {
			isa = PBXShellScriptBuildPhase;
			buildActionMask = 2147483647;
			files = (
			);
			inputFileListPaths = (
			);
			inputPaths = (
			);
			outputFileListPaths = (
			);
			outputPaths = (
			);
			runOnlyForDeploymentPostprocessing = 0;
			shellPath = /bin/sh;
			shellScript = "# Type a script or drag a script file from your workspace to insert its path.\nif which swiftlint >/dev/null; then\nswiftlint\nelse\necho \"warning: Swiftlint not installed, download from https://github.com/realm/SwiftLint\"\nfi\n";
		};
/* End PBXShellScriptBuildPhase section */

/* Begin PBXSourcesBuildPhase section */
		DF386AC7215376E90024814C /* Sources */ = {
			isa = PBXSourcesBuildPhase;
			buildActionMask = 2147483647;
			files = (
				DF257C0021626475002B858E /* GradientColor.swift in Sources */,
				DF257C022162685A002B858E /* Constants.swift in Sources */,
				DF257BFE21623B70002B858E /* ProfileViewCell.swift in Sources */,
				DF869DCE215A7EBB006C10E5 /* MasterViewController.swift in Sources */,
				DF88E6242154B9590086AFBE /* LoginViewController.swift in Sources */,
				DF386AD7215376E90024814C /* Health.xcdatamodeld in Sources */,
				DF869DBC215A324A006C10E5 /* Time.swift in Sources */,
				DF0DB381215D028400201425 /* FireBaseHelper.swift in Sources */,
				DF869DD9215B6ABC006C10E5 /* UserProfileViewController.swift in Sources */,
				DF0DB3A9215E0C3700201425 /* NewsCell.swift in Sources */,
				DF869DD2215B577F006C10E5 /* UserHealthProfile.swift in Sources */,
				DF88E62A2154EA860086AFBE /* SignUpViewController.swift in Sources */,
				DF386AF721537AAF0024814C /* ConsentDocument.swift in Sources */,
				DF0DB383215D1BF700201425 /* SleepViewController.swift in Sources */,
				DF869DC7215A3CC1006C10E5 /* WalkSleep.swift in Sources */,
				DF257C0721663679002B858E /* FormValidation.swift in Sources */,
				DF8717AA216C75270067E959 /* HomeScreenCVCell.swift in Sources */,
				DF88E65721551CB50086AFBE /* MyWeekViewController.swift in Sources */,
				DF869DC9215A5660006C10E5 /* ActivityListViewController+TableView.swift in Sources */,
				DF25198C2167937E000E58F7 /* WeeklyActivities+tableView.swift in Sources */,
				DF0DB385215DEC7C00201425 /* test.swift in Sources */,
				DF386B11215397B00024814C /* SurveyTask.swift in Sources */,
				DF869DD0215B572B006C10E5 /* ProfileDataSource.swift in Sources */,
				DF251986216726C3000E58F7 /* AlertMessages.swift in Sources */,
				DF869DDF215B6F64006C10E5 /* HKGenderExtension.swift in Sources */,
				DF869DC5215A3AB2006C10E5 /* ActivityTableCell.swift in Sources */,
				DF3477CF216CA6A000D8E3C7 /* NewsArticle+CoreDataProperties.swift in Sources */,
				DF751D9E216B2D63001E2D9B /* News+CoreData.swift in Sources */,
				DF257C0D216643C9002B858E /* KeyBoardHandler.swift in Sources */,
				DF386ACF215376E90024814C /* AppDelegate.swift in Sources */,
				DF869DE9215BD250006C10E5 /* QuestionTask.swift in Sources */,
				DF257BFA21623057002B858E /* UserProfileDetails + tableView.swift in Sources */,
				DF25198E216794C7000E58F7 /* TasksIdentifierCell.swift in Sources */,
				DF869DDD215B6ECE006C10E5 /* HKBloodTypeExtension.swift in Sources */,
				DF5613382158DDC4009A48CD /* WalkTask.swift in Sources */,
				DF869DE7215BB257006C10E5 /* InitialScreen+Notification.swift in Sources */,
				DF869DC0215A3847006C10E5 /* ActivityListViewController.swift in Sources */,
				DF88E6262154E3A20086AFBE /* FirstAppScreenViewController.swift in Sources */,
				DF5613342158B9EC009A48CD /* WalkViewController.swift in Sources */,
				DF0DB387215DF48E00201425 /* Article.swift in Sources */,
				DF0DB3AB215E0E4900201425 /* News+TableView.swift in Sources */,
				DF0DB3AD215E2D3300201425 /* WebViewController.swift in Sources */,
				DF88E62C2154F5B50086AFBE /* WeeklyActivitiesViewController.swift in Sources */,
				DF869DCC215A7E4A006C10E5 /* HealthKitSetupAssistant.swift in Sources */,
				DF386B0F215383020024814C /* ConsentTasks.swift in Sources */,
				DF56133A2158F123009A48CD /* TrackWalkViewController.swift in Sources */,
				DF751DA5216B35F7001E2D9B /* NewsArticle+CoreDataClass.swift in Sources */,
			);
			runOnlyForDeploymentPostprocessing = 0;
		};
/* End PBXSourcesBuildPhase section */

/* Begin PBXTargetDependency section */
		DF386B0721537C930024814C /* PBXTargetDependency */ = {
			isa = PBXTargetDependency;
			name = ResearchKit;
			targetProxy = DF386B0621537C930024814C /* PBXContainerItemProxy */;
		};
/* End PBXTargetDependency section */

/* Begin PBXVariantGroup section */
		DF386AD2215376E90024814C /* Main.storyboard */ = {
			isa = PBXVariantGroup;
			children = (
				DF386AD3215376E90024814C /* Base */,
			);
			name = Main.storyboard;
			sourceTree = "<group>";
		};
		DF386ADA215376EA0024814C /* LaunchScreen.storyboard */ = {
			isa = PBXVariantGroup;
			children = (
				DF386ADB215376EA0024814C /* Base */,
			);
			name = LaunchScreen.storyboard;
			sourceTree = "<group>";
		};
/* End PBXVariantGroup section */

/* Begin XCBuildConfiguration section */
		DF386ADE215376EA0024814C /* Debug */ = {
			isa = XCBuildConfiguration;
			buildSettings = {
				ALWAYS_SEARCH_USER_PATHS = NO;
				CLANG_ANALYZER_NONNULL = YES;
				CLANG_ANALYZER_NUMBER_OBJECT_CONVERSION = YES_AGGRESSIVE;
				CLANG_CXX_LANGUAGE_STANDARD = "gnu++14";
				CLANG_CXX_LIBRARY = "libc++";
				CLANG_ENABLE_MODULES = YES;
				CLANG_ENABLE_OBJC_ARC = YES;
				CLANG_ENABLE_OBJC_WEAK = YES;
				CLANG_WARN_BLOCK_CAPTURE_AUTORELEASING = YES;
				CLANG_WARN_BOOL_CONVERSION = YES;
				CLANG_WARN_COMMA = YES;
				CLANG_WARN_CONSTANT_CONVERSION = YES;
				CLANG_WARN_DEPRECATED_OBJC_IMPLEMENTATIONS = YES;
				CLANG_WARN_DIRECT_OBJC_ISA_USAGE = YES_ERROR;
				CLANG_WARN_DOCUMENTATION_COMMENTS = YES;
				CLANG_WARN_EMPTY_BODY = YES;
				CLANG_WARN_ENUM_CONVERSION = YES;
				CLANG_WARN_INFINITE_RECURSION = YES;
				CLANG_WARN_INT_CONVERSION = YES;
				CLANG_WARN_NON_LITERAL_NULL_CONVERSION = YES;
				CLANG_WARN_OBJC_IMPLICIT_RETAIN_SELF = YES;
				CLANG_WARN_OBJC_LITERAL_CONVERSION = YES;
				CLANG_WARN_OBJC_ROOT_CLASS = YES_ERROR;
				CLANG_WARN_RANGE_LOOP_ANALYSIS = YES;
				CLANG_WARN_STRICT_PROTOTYPES = YES;
				CLANG_WARN_SUSPICIOUS_MOVE = YES;
				CLANG_WARN_UNGUARDED_AVAILABILITY = YES_AGGRESSIVE;
				CLANG_WARN_UNREACHABLE_CODE = YES;
				CLANG_WARN__DUPLICATE_METHOD_MATCH = YES;
				CODE_SIGN_IDENTITY = "iPhone Developer";
				COPY_PHASE_STRIP = NO;
				DEBUG_INFORMATION_FORMAT = dwarf;
				ENABLE_STRICT_OBJC_MSGSEND = YES;
				ENABLE_TESTABILITY = YES;
				GCC_C_LANGUAGE_STANDARD = gnu11;
				GCC_DYNAMIC_NO_PIC = NO;
				GCC_NO_COMMON_BLOCKS = YES;
				GCC_OPTIMIZATION_LEVEL = 0;
				GCC_PREPROCESSOR_DEFINITIONS = (
					"DEBUG=1",
					"$(inherited)",
				);
				GCC_WARN_64_TO_32_BIT_CONVERSION = YES;
				GCC_WARN_ABOUT_RETURN_TYPE = YES_ERROR;
				GCC_WARN_UNDECLARED_SELECTOR = YES;
				GCC_WARN_UNINITIALIZED_AUTOS = YES_AGGRESSIVE;
				GCC_WARN_UNUSED_FUNCTION = YES;
				GCC_WARN_UNUSED_VARIABLE = YES;
				IPHONEOS_DEPLOYMENT_TARGET = 12.0;
				MTL_ENABLE_DEBUG_INFO = INCLUDE_SOURCE;
				MTL_FAST_MATH = YES;
				ONLY_ACTIVE_ARCH = YES;
				SDKROOT = iphoneos;
				SWIFT_ACTIVE_COMPILATION_CONDITIONS = DEBUG;
				SWIFT_OPTIMIZATION_LEVEL = "-Onone";
			};
			name = Debug;
		};
		DF386ADF215376EA0024814C /* Release */ = {
			isa = XCBuildConfiguration;
			buildSettings = {
				ALWAYS_SEARCH_USER_PATHS = NO;
				CLANG_ANALYZER_NONNULL = YES;
				CLANG_ANALYZER_NUMBER_OBJECT_CONVERSION = YES_AGGRESSIVE;
				CLANG_CXX_LANGUAGE_STANDARD = "gnu++14";
				CLANG_CXX_LIBRARY = "libc++";
				CLANG_ENABLE_MODULES = YES;
				CLANG_ENABLE_OBJC_ARC = YES;
				CLANG_ENABLE_OBJC_WEAK = YES;
				CLANG_WARN_BLOCK_CAPTURE_AUTORELEASING = YES;
				CLANG_WARN_BOOL_CONVERSION = YES;
				CLANG_WARN_COMMA = YES;
				CLANG_WARN_CONSTANT_CONVERSION = YES;
				CLANG_WARN_DEPRECATED_OBJC_IMPLEMENTATIONS = YES;
				CLANG_WARN_DIRECT_OBJC_ISA_USAGE = YES_ERROR;
				CLANG_WARN_DOCUMENTATION_COMMENTS = YES;
				CLANG_WARN_EMPTY_BODY = YES;
				CLANG_WARN_ENUM_CONVERSION = YES;
				CLANG_WARN_INFINITE_RECURSION = YES;
				CLANG_WARN_INT_CONVERSION = YES;
				CLANG_WARN_NON_LITERAL_NULL_CONVERSION = YES;
				CLANG_WARN_OBJC_IMPLICIT_RETAIN_SELF = YES;
				CLANG_WARN_OBJC_LITERAL_CONVERSION = YES;
				CLANG_WARN_OBJC_ROOT_CLASS = YES_ERROR;
				CLANG_WARN_RANGE_LOOP_ANALYSIS = YES;
				CLANG_WARN_STRICT_PROTOTYPES = YES;
				CLANG_WARN_SUSPICIOUS_MOVE = YES;
				CLANG_WARN_UNGUARDED_AVAILABILITY = YES_AGGRESSIVE;
				CLANG_WARN_UNREACHABLE_CODE = YES;
				CLANG_WARN__DUPLICATE_METHOD_MATCH = YES;
				CODE_SIGN_IDENTITY = "iPhone Developer";
				COPY_PHASE_STRIP = NO;
				DEBUG_INFORMATION_FORMAT = "dwarf-with-dsym";
				ENABLE_NS_ASSERTIONS = NO;
				ENABLE_STRICT_OBJC_MSGSEND = YES;
				GCC_C_LANGUAGE_STANDARD = gnu11;
				GCC_NO_COMMON_BLOCKS = YES;
				GCC_WARN_64_TO_32_BIT_CONVERSION = YES;
				GCC_WARN_ABOUT_RETURN_TYPE = YES_ERROR;
				GCC_WARN_UNDECLARED_SELECTOR = YES;
				GCC_WARN_UNINITIALIZED_AUTOS = YES_AGGRESSIVE;
				GCC_WARN_UNUSED_FUNCTION = YES;
				GCC_WARN_UNUSED_VARIABLE = YES;
				IPHONEOS_DEPLOYMENT_TARGET = 12.0;
				MTL_ENABLE_DEBUG_INFO = NO;
				MTL_FAST_MATH = YES;
				SDKROOT = iphoneos;
				SWIFT_COMPILATION_MODE = wholemodule;
				SWIFT_OPTIMIZATION_LEVEL = "-O";
				VALIDATE_PRODUCT = YES;
			};
			name = Release;
		};
		DF386AE1215376EA0024814C /* Debug */ = {
			isa = XCBuildConfiguration;
			baseConfigurationReference = FA187B9C098E4097B0D2CCB6 /* Pods-Health.debug.xcconfig */;
			buildSettings = {
				ALWAYS_EMBED_SWIFT_STANDARD_LIBRARIES = YES;
				ASSETCATALOG_COMPILER_APPICON_NAME = AppIcon;
				CODE_SIGN_ENTITLEMENTS = Health/Health.entitlements;
				CODE_SIGN_STYLE = Automatic;
				DEVELOPMENT_TEAM = 3RFXA3YHL9;
				INFOPLIST_FILE = Health/Info.plist;
				IPHONEOS_DEPLOYMENT_TARGET = 11.0;
				LD_RUNPATH_SEARCH_PATHS = (
					"$(inherited)",
					"@executable_path/Frameworks",
				);
				PRODUCT_BUNDLE_IDENTIFIER = Ymedia.Health;
				PRODUCT_NAME = "$(TARGET_NAME)";
				SWIFT_VERSION = 4.2;
				TARGETED_DEVICE_FAMILY = "1,2";
			};
			name = Debug;
		};
		DF386AE2215376EA0024814C /* Release */ = {
			isa = XCBuildConfiguration;
			baseConfigurationReference = F78ACFE850EBB7E40B3D4CBF /* Pods-Health.release.xcconfig */;
			buildSettings = {
				ALWAYS_EMBED_SWIFT_STANDARD_LIBRARIES = YES;
				ASSETCATALOG_COMPILER_APPICON_NAME = AppIcon;
				CODE_SIGN_ENTITLEMENTS = Health/Health.entitlements;
				CODE_SIGN_STYLE = Automatic;
				DEVELOPMENT_TEAM = 3RFXA3YHL9;
				INFOPLIST_FILE = Health/Info.plist;
				IPHONEOS_DEPLOYMENT_TARGET = 11.0;
				LD_RUNPATH_SEARCH_PATHS = (
					"$(inherited)",
					"@executable_path/Frameworks",
				);
				PRODUCT_BUNDLE_IDENTIFIER = Ymedia.Health;
				PRODUCT_NAME = "$(TARGET_NAME)";
				SWIFT_VERSION = 4.2;
				TARGETED_DEVICE_FAMILY = "1,2";
			};
			name = Release;
		};
/* End XCBuildConfiguration section */

/* Begin XCConfigurationList section */
		DF386AC6215376E90024814C /* Build configuration list for PBXProject "Health" */ = {
			isa = XCConfigurationList;
			buildConfigurations = (
				DF386ADE215376EA0024814C /* Debug */,
				DF386ADF215376EA0024814C /* Release */,
			);
			defaultConfigurationIsVisible = 0;
			defaultConfigurationName = Release;
		};
		DF386AE0215376EA0024814C /* Build configuration list for PBXNativeTarget "Health" */ = {
			isa = XCConfigurationList;
			buildConfigurations = (
				DF386AE1215376EA0024814C /* Debug */,
				DF386AE2215376EA0024814C /* Release */,
			);
			defaultConfigurationIsVisible = 0;
			defaultConfigurationName = Release;
		};
/* End XCConfigurationList section */

/* Begin XCVersionGroup section */
		DF386AD5215376E90024814C /* Health.xcdatamodeld */ = {
			isa = XCVersionGroup;
			children = (
				DF386AD6215376E90024814C /* Health.xcdatamodel */,
			);
			currentVersion = DF386AD6215376E90024814C /* Health.xcdatamodel */;
			path = Health.xcdatamodeld;
			sourceTree = "<group>";
			versionGroupType = wrapper.xcdatamodel;
		};
/* End XCVersionGroup section */
	};
	rootObject = DF386AC3215376E90024814C /* Project object */;
}
